# THIS IS AN AUTOGENERATED FILE. DO NOT EDIT THIS FILE DIRECTLY.
# yarn lockfile v1


axios@^0.13.1:
  version "0.13.1"
  resolved "https://registry.yarnpkg.com/axios/-/axios-0.13.1.tgz#3e67abfe4333bc9d2d5fe6fbd13b4694eafc8df8"
  dependencies:
    follow-redirects "0.0.7"

debug@^2.2.0:
  version "2.6.4"
  resolved "https://registry.yarnpkg.com/debug/-/debug-2.6.4.tgz#7586a9b3c39741c0282ae33445c4e8ac74734fe0"
  dependencies:
    ms "0.7.3"

deep-equal@^1.0.1:
  version "1.0.1"
  resolved "https://registry.yarnpkg.com/deep-equal/-/deep-equal-1.0.1.tgz#f5d260292b660e084eff4cdbc9f08ad3247448b5"

flux-standard-action@^0.6.0:
  version "0.6.1"
  resolved "https://registry.yarnpkg.com/flux-standard-action/-/flux-standard-action-0.6.1.tgz#6f34211b94834ea1c3cc30f4e7afad3d0fbf71a2"
  dependencies:
    lodash.isplainobject "^3.2.0"

follow-redirects@0.0.7:
  version "0.0.7"
  resolved "https://registry.yarnpkg.com/follow-redirects/-/follow-redirects-0.0.7.tgz#34b90bab2a911aa347571da90f22bd36ecd8a919"
  dependencies:
    debug "^2.2.0"
    stream-consume "^0.1.0"

immutable@^3.8.1:
  version "3.8.1"
  resolved "https://registry.yarnpkg.com/immutable/-/immutable-3.8.1.tgz#200807f11ab0f72710ea485542de088075f68cd2"

keykey@^2.1.1:
  version "2.1.1"
  resolved "https://registry.yarnpkg.com/keykey/-/keykey-2.1.1.tgz#a2739051475f4a02cc8dde23b160b37eb4fe62af"
  dependencies:
    lru-cache "3.2.0"

lodash._basefor@^3.0.0:
  version "3.0.3"
  resolved "https://registry.yarnpkg.com/lodash._basefor/-/lodash._basefor-3.0.3.tgz#7550b4e9218ef09fad24343b612021c79b4c20c2"

lodash.isarguments@^3.0.0:
  version "3.1.0"
  resolved "https://registry.yarnpkg.com/lodash.isarguments/-/lodash.isarguments-3.1.0.tgz#2f573d85c6a24289ff00663b491c1d338ff3458a"

lodash.isarray@^3.0.0:
  version "3.0.4"
  resolved "https://registry.yarnpkg.com/lodash.isarray/-/lodash.isarray-3.0.4.tgz#79e4eb88c36a8122af86f844aa9bcd851b5fbb55"

lodash.isplainobject@^3.2.0:
  version "3.2.0"
  resolved "https://registry.yarnpkg.com/lodash.isplainobject/-/lodash.isplainobject-3.2.0.tgz#9a8238ae16b200432960cd7346512d0123fbf4c5"
  dependencies:
    lodash._basefor "^3.0.0"
    lodash.isarguments "^3.0.0"
    lodash.keysin "^3.0.0"

lodash.keysin@^3.0.0:
  version "3.0.8"
  resolved "https://registry.yarnpkg.com/lodash.keysin/-/lodash.keysin-3.0.8.tgz#22c4493ebbedb1427962a54b445b2c8a767fb47f"
  dependencies:
    lodash.isarguments "^3.0.0"
    lodash.isarray "^3.0.0"

lru-cache@3.2.0:
  version "3.2.0"
  resolved "https://registry.yarnpkg.com/lru-cache/-/lru-cache-3.2.0.tgz#71789b3b7f5399bec8565dda38aa30d2a097efee"
  dependencies:
    pseudomap "^1.0.1"

ms@0.7.3:
  version "0.7.3"
  resolved "https://registry.yarnpkg.com/ms/-/ms-0.7.3.tgz#708155a5e44e33f5fd0fc53e81d0d40a91be1fff"

object-path-immutable@^0.5.0:
  version "0.5.1"
  resolved "https://registry.yarnpkg.com/object-path-immutable/-/object-path-immutable-0.5.1.tgz#4371599ab2b914750c51be96a4801dbdc4d5a4b3"

pluralize@^1.2.1:
  version "1.2.1"
  resolved "https://registry.yarnpkg.com/pluralize/-/pluralize-1.2.1.tgz#d1a21483fd22bb41e58a12fa3421823140897c45"

pseudomap@^1.0.1:
  version "1.0.2"
  resolved "https://registry.yarnpkg.com/pseudomap/-/pseudomap-1.0.2.tgz#f052a28da70e618917ef0a8ac34c1ae5a68286b3"

reduce-reducers@^0.1.0:
  version "0.1.2"
  resolved "https://registry.yarnpkg.com/reduce-reducers/-/reduce-reducers-0.1.2.tgz#fa1b4718bc5292a71ddd1e5d839c9bea9770f14b"

redux-actions@^0.9.1:
  version "0.9.1"
  resolved "https://registry.yarnpkg.com/redux-actions/-/redux-actions-0.9.1.tgz#a72767654bc21424c3df3f6240780ffa8872783c"
  dependencies:
    flux-standard-action "^0.6.0"
    reduce-reducers "^0.1.0"

redux-json-api@^2.0.0-beta.1:
  version "2.0.0-beta.1"
  resolved "https://registry.yarnpkg.com/redux-json-api/-/redux-json-api-2.0.0-beta.1.tgz#5e3a46fe9bd33415b18250a12d3dcbba989dd691"
  dependencies:
    axios "^0.13.1"
    deep-equal "^1.0.1"
    keykey "^2.1.1"
    object-path-immutable "^0.5.0"
    pluralize "^1.2.1"
    redux-actions "^0.9.1"

stream-consume@^0.1.0:
  version "0.1.0"
  resolved "https://registry.yarnpkg.com/stream-consume/-/stream-consume-0.1.0.tgz#a41ead1a6d6081ceb79f65b061901b6d8f3d1d0f"
